{
  "nodes": {
    "flake-utils": {
<<<<<<< HEAD
      "locked": {
        "lastModified": 1678901627,
        "narHash": "sha256-U02riOqrKKzwjsxc/400XnElV+UtPUQWpANPlyazjH0=",
        "owner": "numtide",
        "repo": "flake-utils",
        "rev": "93a2b84fc4b70d9e089d029deacc3583435c2ed6",
=======
      "inputs": {
        "systems": "systems"
      },
      "locked": {
        "lastModified": 1685518550,
        "narHash": "sha256-o2d0KcvaXzTrPRIo0kOLV0/QXHhDQ5DTi+OxcjO8xqY=",
        "owner": "numtide",
        "repo": "flake-utils",
        "rev": "a1720a10a6cfe8234c0e93907ffe81be440f4cef",
>>>>>>> 717524ad1dd5fc3257abc126bf8894f6d6632fbf
        "type": "github"
      },
      "original": {
        "owner": "numtide",
        "repo": "flake-utils",
        "type": "github"
      }
    },
    "nixpkgs": {
      "locked": {
<<<<<<< HEAD
        "lastModified": 1687898314,
        "narHash": "sha256-B4BHon3uMXQw8ZdbwxRK1BmxVOGBV4viipKpGaIlGwk=",
        "owner": "NixOS",
        "repo": "nixpkgs",
        "rev": "e18dc963075ed115afb3e312b64643bf8fd4b474",
=======
        "lastModified": 1686519857,
        "narHash": "sha256-VkBhuq67aXXiCoEmicziuDLUPPjeOTLQoj6OeVai5zM=",
        "owner": "NixOS",
        "repo": "nixpkgs",
        "rev": "6b1b72c0f887a478a5aac355674ff6df0fc44f44",
>>>>>>> 717524ad1dd5fc3257abc126bf8894f6d6632fbf
        "type": "github"
      },
      "original": {
        "owner": "NixOS",
<<<<<<< HEAD
        "ref": "nixos-unstable",
=======
        "ref": "nixpkgs-unstable",
>>>>>>> 717524ad1dd5fc3257abc126bf8894f6d6632fbf
        "repo": "nixpkgs",
        "type": "github"
      }
    },
    "root": {
      "inputs": {
        "flake-utils": "flake-utils",
        "nixpkgs": "nixpkgs"
      }
<<<<<<< HEAD
=======
    },
    "systems": {
      "locked": {
        "lastModified": 1681028828,
        "narHash": "sha256-Vy1rq5AaRuLzOxct8nz4T6wlgyUR7zLU309k9mBC768=",
        "owner": "nix-systems",
        "repo": "default",
        "rev": "da67096a3b9bf56a91d16901293e51ba5b49a27e",
        "type": "github"
      },
      "original": {
        "owner": "nix-systems",
        "repo": "default",
        "type": "github"
      }
>>>>>>> 717524ad1dd5fc3257abc126bf8894f6d6632fbf
    }
  },
  "root": "root",
  "version": 7
}
